
Microsoft Visual Studio Solution File, Format Version 12.00
# Visual Studio Version 17
VisualStudioVersion = 17.6.33829.357
MinimumVisualStudioVersion = 10.0.40219.1
Project("{FAE04EC0-301F-11D3-BF4B-00C04F79EFBC}") = "SumOfArray", "SumOfArray.csproj", "{61F66032-D1C3-4FC2-9E94-BEF58D8F603F}"
EndProject
Global
	GlobalSection(SolutionConfigurationPlatforms) = preSolution
		Debug|Any CPU = Debug|Any CPU
		Release|Any CPU = Release|Any CPU
	EndGlobalSection
	GlobalSection(ProjectConfigurationPlatforms) = postSolution
		{61F66032-D1C3-4FC2-9E94-BEF58D8F603F}.Debug|Any CPU.ActiveCfg = Debug|Any CPU
		{61F66032-D1C3-4FC2-9E94-BEF58D8F603F}.Debug|Any CPU.Build.0 = Debug|Any CPU
		{61F66032-D1C3-4FC2-9E94-BEF58D8F603F}.Release|Any CPU.ActiveCfg = Release|Any CPU
		{61F66032-D1C3-4FC2-9E94-BEF58D8F603F}.Release|Any CPU.Build.0 = Release|Any CPU
	EndGlobalSection
	GlobalSection(SolutionProperties) = preSolution
		HideSolutionNode = FALSE
	EndGlobalSection
	GlobalSection(ExtensibilityGlobals) = postSolution
		SolutionGuid = {13D626F1-3528-44E8-9A36-7C998014F3F1}
	EndGlobalSection
EndGlobal
